
Microsoft Visual Studio Solution File, Format Version 12.00
# Visual Studio 15
VisualStudioVersion = 15.0.27004.2009
MinimumVisualStudioVersion = 10.0.40219.1
Project("{FAE04EC0-301F-11D3-BF4B-00C04F79EFBC}") = "AirExchangerMobile.Android", "AirExchangerMobile\AirExchangerMobile.Android\AirExchangerMobile.Android.csproj", "{14B92EF9-44B7-4EAB-857D-8CC5E75BF43D}"
EndProject
Project("{FAE04EC0-301F-11D3-BF4B-00C04F79EFBC}") = "AirExchangerMobile", "AirExchangerMobile\AirExchangerMobile\AirExchangerMobile.csproj", "{8261003C-F6C4-4658-9112-CA08B22A8B31}"
EndProject
Project("{FAE04EC0-301F-11D3-BF4B-00C04F79EFBC}") = "AirExchangerMobile.UWP", "AirExchangerMobile\AirExchangerMobile.UWP\AirExchangerMobile.UWP.csproj", "{9C6D5233-8CBF-47BA-A2C5-C67EBFAB4971}"
EndProject
Project("{FAE04EC0-301F-11D3-BF4B-00C04F79EFBC}") = "AirExchangerMobile.iOS", "AirExchangerMobile\AirExchangerMobile.iOS\AirExchangerMobile.iOS.csproj", "{3ED4D5A8-F104-44A2-AE0A-94037614E4EE}"
EndProject
Global
	GlobalSection(SolutionConfigurationPlatforms) = preSolution
		Ad-Hoc|Any CPU = Ad-Hoc|Any CPU
		Ad-Hoc|ARM = Ad-Hoc|ARM
		Ad-Hoc|iPhone = Ad-Hoc|iPhone
		Ad-Hoc|iPhoneSimulator = Ad-Hoc|iPhoneSimulator
		Ad-Hoc|x64 = Ad-Hoc|x64
		Ad-Hoc|x86 = Ad-Hoc|x86
		AppStore|Any CPU = AppStore|Any CPU
		AppStore|ARM = AppStore|ARM
		AppStore|iPhone = AppStore|iPhone
		AppStore|iPhoneSimulator = AppStore|iPhoneSimulator
		AppStore|x64 = AppStore|x64
		AppStore|x86 = AppStore|x86
		Debug|Any CPU = Debug|Any CPU
		Debug|ARM = Debug|ARM
		Debug|iPhone = Debug|iPhone
		Debug|iPhoneSimulator = Debug|iPhoneSimulator
		Debug|x64 = Debug|x64
		Debug|x86 = Debug|x86
		Release|Any CPU = Release|Any CPU
		Release|ARM = Release|ARM
		Release|iPhone = Release|iPhone
		Release|iPhoneSimulator = Release|iPhoneSimulator
		Release|x64 = Release|x64
		Release|x86 = Release|x86
	EndGlobalSection
	GlobalSection(ProjectConfigurationPlatforms) = postSolution
		{14B92EF9-44B7-4EAB-857D-8CC5E75BF43D}.Ad-Hoc|Any CPU.ActiveCfg = Release|Any CPU
		{14B92EF9-44B7-4EAB-857D-8CC5E75BF43D}.Ad-Hoc|Any CPU.Build.0 = Release|Any CPU
		{14B92EF9-44B7-4EAB-857D-8CC5E75BF43D}.Ad-Hoc|Any CPU.Deploy.0 = Release|Any CPU
		{14B92EF9-44B7-4EAB-857D-8CC5E75BF43D}.Ad-Hoc|ARM.ActiveCfg = Release|Any CPU
		{14B92EF9-44B7-4EAB-857D-8CC5E75BF43D}.Ad-Hoc|ARM.Build.0 = Release|Any CPU
		{14B92EF9-44B7-4EAB-857D-8CC5E75BF43D}.Ad-Hoc|ARM.Deploy.0 = Release|Any CPU
		{14B92EF9-44B7-4EAB-857D-8CC5E75BF43D}.Ad-Hoc|iPhone.ActiveCfg = Release|Any CPU
		{14B92EF9-44B7-4EAB-857D-8CC5E75BF43D}.Ad-Hoc|iPhone.Build.0 = Release|Any CPU
		{14B92EF9-44B7-4EAB-857D-8CC5E75BF43D}.Ad-Hoc|iPhone.Deploy.0 = Release|Any CPU
		{14B92EF9-44B7-4EAB-857D-8CC5E75BF43D}.Ad-Hoc|iPhoneSimulator.ActiveCfg = Release|Any CPU
		{14B92EF9-44B7-4EAB-857D-8CC5E75BF43D}.Ad-Hoc|iPhoneSimulator.Build.0 = Release|Any CPU
		{14B92EF9-44B7-4EAB-857D-8CC5E75BF43D}.Ad-Hoc|iPhoneSimulator.Deploy.0 = Release|Any CPU
		{14B92EF9-44B7-4EAB-857D-8CC5E75BF43D}.Ad-Hoc|x64.ActiveCfg = Release|Any CPU
		{14B92EF9-44B7-4EAB-857D-8CC5E75BF43D}.Ad-Hoc|x64.Build.0 = Release|Any CPU
		{14B92EF9-44B7-4EAB-857D-8CC5E75BF43D}.Ad-Hoc|x64.Deploy.0 = Release|Any CPU
		{14B92EF9-44B7-4EAB-857D-8CC5E75BF43D}.Ad-Hoc|x86.ActiveCfg = Release|Any CPU
		{14B92EF9-44B7-4EAB-857D-8CC5E75BF43D}.Ad-Hoc|x86.Build.0 = Release|Any CPU
		{14B92EF9-44B7-4EAB-857D-8CC5E75BF43D}.Ad-Hoc|x86.Deploy.0 = Release|Any CPU
		{14B92EF9-44B7-4EAB-857D-8CC5E75BF43D}.AppStore|Any CPU.ActiveCfg = Release|Any CPU
		{14B92EF9-44B7-4EAB-857D-8CC5E75BF43D}.AppStore|Any CPU.Build.0 = Release|Any CPU
		{14B92EF9-44B7-4EAB-857D-8CC5E75BF43D}.AppStore|Any CPU.Deploy.0 = Release|Any CPU
		{14B92EF9-44B7-4EAB-857D-8CC5E75BF43D}.AppStore|ARM.ActiveCfg = Release|Any CPU
		{14B92EF9-44B7-4EAB-857D-8CC5E75BF43D}.AppStore|ARM.Build.0 = Release|Any CPU
		{14B92EF9-44B7-4EAB-857D-8CC5E75BF43D}.AppStore|ARM.Deploy.0 = Release|Any CPU
		{14B92EF9-44B7-4EAB-857D-8CC5E75BF43D}.AppStore|iPhone.ActiveCfg = Release|Any CPU
		{14B92EF9-44B7-4EAB-857D-8CC5E75BF43D}.AppStore|iPhone.Build.0 = Release|Any CPU
		{14B92EF9-44B7-4EAB-857D-8CC5E75BF43D}.AppStore|iPhone.Deploy.0 = Release|Any CPU
		{14B92EF9-44B7-4EAB-857D-8CC5E75BF43D}.AppStore|iPhoneSimulator.ActiveCfg = Release|Any CPU
		{14B92EF9-44B7-4EAB-857D-8CC5E75BF43D}.AppStore|iPhoneSimulator.Build.0 = Release|Any CPU
		{14B92EF9-44B7-4EAB-857D-8CC5E75BF43D}.AppStore|iPhoneSimulator.Deploy.0 = Release|Any CPU
		{14B92EF9-44B7-4EAB-857D-8CC5E75BF43D}.AppStore|x64.ActiveCfg = Release|Any CPU
		{14B92EF9-44B7-4EAB-857D-8CC5E75BF43D}.AppStore|x64.Build.0 = Release|Any CPU
		{14B92EF9-44B7-4EAB-857D-8CC5E75BF43D}.AppStore|x64.Deploy.0 = Release|Any CPU
		{14B92EF9-44B7-4EAB-857D-8CC5E75BF43D}.AppStore|x86.ActiveCfg = Release|Any CPU
		{14B92EF9-44B7-4EAB-857D-8CC5E75BF43D}.AppStore|x86.Build.0 = Release|Any CPU
		{14B92EF9-44B7-4EAB-857D-8CC5E75BF43D}.AppStore|x86.Deploy.0 = Release|Any CPU
		{14B92EF9-44B7-4EAB-857D-8CC5E75BF43D}.Debug|Any CPU.ActiveCfg = Debug|Any CPU
		{14B92EF9-44B7-4EAB-857D-8CC5E75BF43D}.Debug|Any CPU.Build.0 = Debug|Any CPU
		{14B92EF9-44B7-4EAB-857D-8CC5E75BF43D}.Debug|Any CPU.Deploy.0 = Debug|Any CPU
		{14B92EF9-44B7-4EAB-857D-8CC5E75BF43D}.Debug|ARM.ActiveCfg = Debug|Any CPU
		{14B92EF9-44B7-4EAB-857D-8CC5E75BF43D}.Debug|ARM.Build.0 = Debug|Any CPU
		{14B92EF9-44B7-4EAB-857D-8CC5E75BF43D}.Debug|ARM.Deploy.0 = Debug|Any CPU
		{14B92EF9-44B7-4EAB-857D-8CC5E75BF43D}.Debug|iPhone.ActiveCfg = Debug|Any CPU
		{14B92EF9-44B7-4EAB-857D-8CC5E75BF43D}.Debug|iPhone.Build.0 = Debug|Any CPU
		{14B92EF9-44B7-4EAB-857D-8CC5E75BF43D}.Debug|iPhone.Deploy.0 = Debug|Any CPU
		{14B92EF9-44B7-4EAB-857D-8CC5E75BF43D}.Debug|iPhoneSimulator.ActiveCfg = Debug|Any CPU
		{14B92EF9-44B7-4EAB-857D-8CC5E75BF43D}.Debug|iPhoneSimulator.Build.0 = Debug|Any CPU
		{14B92EF9-44B7-4EAB-857D-8CC5E75BF43D}.Debug|iPhoneSimulator.Deploy.0 = Debug|Any CPU
		{14B92EF9-44B7-4EAB-857D-8CC5E75BF43D}.Debug|x64.ActiveCfg = Debug|Any CPU
		{14B92EF9-44B7-4EAB-857D-8CC5E75BF43D}.Debug|x64.Build.0 = Debug|Any CPU
		{14B92EF9-44B7-4EAB-857D-8CC5E75BF43D}.Debug|x64.Deploy.0 = Debug|Any CPU
		{14B92EF9-44B7-4EAB-857D-8CC5E75BF43D}.Debug|x86.ActiveCfg = Debug|Any CPU
		{14B92EF9-44B7-4EAB-857D-8CC5E75BF43D}.Debug|x86.Build.0 = Debug|Any CPU
		{14B92EF9-44B7-4EAB-857D-8CC5E75BF43D}.Debug|x86.Deploy.0 = Debug|Any CPU
		{14B92EF9-44B7-4EAB-857D-8CC5E75BF43D}.Release|Any CPU.ActiveCfg = Release|Any CPU
		{14B92EF9-44B7-4EAB-857D-8CC5E75BF43D}.Release|Any CPU.Build.0 = Release|Any CPU
		{14B92EF9-44B7-4EAB-857D-8CC5E75BF43D}.Release|Any CPU.Deploy.0 = Release|Any CPU
		{14B92EF9-44B7-4EAB-857D-8CC5E75BF43D}.Release|ARM.ActiveCfg = Release|Any CPU
		{14B92EF9-44B7-4EAB-857D-8CC5E75BF43D}.Release|ARM.Build.0 = Release|Any CPU
		{14B92EF9-44B7-4EAB-857D-8CC5E75BF43D}.Release|ARM.Deploy.0 = Release|Any CPU
		{14B92EF9-44B7-4EAB-857D-8CC5E75BF43D}.Release|iPhone.ActiveCfg = Release|Any CPU
		{14B92EF9-44B7-4EAB-857D-8CC5E75BF43D}.Release|iPhone.Build.0 = Release|Any CPU
		{14B92EF9-44B7-4EAB-857D-8CC5E75BF43D}.Release|iPhone.Deploy.0 = Release|Any CPU
		{14B92EF9-44B7-4EAB-857D-8CC5E75BF43D}.Release|iPhoneSimulator.ActiveCfg = Release|Any CPU
		{14B92EF9-44B7-4EAB-857D-8CC5E75BF43D}.Release|iPhoneSimulator.Build.0 = Release|Any CPU
		{14B92EF9-44B7-4EAB-857D-8CC5E75BF43D}.Release|iPhoneSimulator.Deploy.0 = Release|Any CPU
		{14B92EF9-44B7-4EAB-857D-8CC5E75BF43D}.Release|x64.ActiveCfg = Release|Any CPU
		{14B92EF9-44B7-4EAB-857D-8CC5E75BF43D}.Release|x64.Build.0 = Release|Any CPU
		{14B92EF9-44B7-4EAB-857D-8CC5E75BF43D}.Release|x64.Deploy.0 = Release|Any CPU
		{14B92EF9-44B7-4EAB-857D-8CC5E75BF43D}.Release|x86.ActiveCfg = Release|Any CPU
		{14B92EF9-44B7-4EAB-857D-8CC5E75BF43D}.Release|x86.Build.0 = Release|Any CPU
		{14B92EF9-44B7-4EAB-857D-8CC5E75BF43D}.Release|x86.Deploy.0 = Release|Any CPU
		{8261003C-F6C4-4658-9112-CA08B22A8B31}.Ad-Hoc|Any CPU.ActiveCfg = Release|Any CPU
		{8261003C-F6C4-4658-9112-CA08B22A8B31}.Ad-Hoc|Any CPU.Build.0 = Release|Any CPU
		{8261003C-F6C4-4658-9112-CA08B22A8B31}.Ad-Hoc|ARM.ActiveCfg = Release|Any CPU
		{8261003C-F6C4-4658-9112-CA08B22A8B31}.Ad-Hoc|ARM.Build.0 = Release|Any CPU
		{8261003C-F6C4-4658-9112-CA08B22A8B31}.Ad-Hoc|iPhone.ActiveCfg = Release|Any CPU
		{8261003C-F6C4-4658-9112-CA08B22A8B31}.Ad-Hoc|iPhone.Build.0 = Release|Any CPU
		{8261003C-F6C4-4658-9112-CA08B22A8B31}.Ad-Hoc|iPhoneSimulator.ActiveCfg = Release|Any CPU
		{8261003C-F6C4-4658-9112-CA08B22A8B31}.Ad-Hoc|iPhoneSimulator.Build.0 = Release|Any CPU
		{8261003C-F6C4-4658-9112-CA08B22A8B31}.Ad-Hoc|x64.ActiveCfg = Release|Any CPU
		{8261003C-F6C4-4658-9112-CA08B22A8B31}.Ad-Hoc|x64.Build.0 = Release|Any CPU
		{8261003C-F6C4-4658-9112-CA08B22A8B31}.Ad-Hoc|x86.ActiveCfg = Release|Any CPU
		{8261003C-F6C4-4658-9112-CA08B22A8B31}.Ad-Hoc|x86.Build.0 = Release|Any CPU
		{8261003C-F6C4-4658-9112-CA08B22A8B31}.AppStore|Any CPU.ActiveCfg = Release|Any CPU
		{8261003C-F6C4-4658-9112-CA08B22A8B31}.AppStore|Any CPU.Build.0 = Release|Any CPU
		{8261003C-F6C4-4658-9112-CA08B22A8B31}.AppStore|ARM.ActiveCfg = Release|Any CPU
		{8261003C-F6C4-4658-9112-CA08B22A8B31}.AppStore|ARM.Build.0 = Release|Any CPU
		{8261003C-F6C4-4658-9112-CA08B22A8B31}.AppStore|iPhone.ActiveCfg = Release|Any CPU
		{8261003C-F6C4-4658-9112-CA08B22A8B31}.AppStore|iPhone.Build.0 = Release|Any CPU
		{8261003C-F6C4-4658-9112-CA08B22A8B31}.AppStore|iPhoneSimulator.ActiveCfg = Release|Any CPU
		{8261003C-F6C4-4658-9112-CA08B22A8B31}.AppStore|iPhoneSimulator.Build.0 = Release|Any CPU
		{8261003C-F6C4-4658-9112-CA08B22A8B31}.AppStore|x64.ActiveCfg = Release|Any CPU
		{8261003C-F6C4-4658-9112-CA08B22A8B31}.AppStore|x64.Build.0 = Release|Any CPU
		{8261003C-F6C4-4658-9112-CA08B22A8B31}.AppStore|x86.ActiveCfg = Release|Any CPU
		{8261003C-F6C4-4658-9112-CA08B22A8B31}.AppStore|x86.Build.0 = Release|Any CPU
		{8261003C-F6C4-4658-9112-CA08B22A8B31}.Debug|Any CPU.ActiveCfg = Debug|Any CPU
		{8261003C-F6C4-4658-9112-CA08B22A8B31}.Debug|Any CPU.Build.0 = Debug|Any CPU
		{8261003C-F6C4-4658-9112-CA08B22A8B31}.Debug|ARM.ActiveCfg = Debug|Any CPU
		{8261003C-F6C4-4658-9112-CA08B22A8B31}.Debug|ARM.Build.0 = Debug|Any CPU
		{8261003C-F6C4-4658-9112-CA08B22A8B31}.Debug|iPhone.ActiveCfg = Debug|Any CPU
		{8261003C-F6C4-4658-9112-CA08B22A8B31}.Debug|iPhone.Build.0 = Debug|Any CPU
		{8261003C-F6C4-4658-9112-CA08B22A8B31}.Debug|iPhoneSimulator.ActiveCfg = Debug|Any CPU
		{8261003C-F6C4-4658-9112-CA08B22A8B31}.Debug|iPhoneSimulator.Build.0 = Debug|Any CPU
		{8261003C-F6C4-4658-9112-CA08B22A8B31}.Debug|x64.ActiveCfg = Debug|Any CPU
		{8261003C-F6C4-4658-9112-CA08B22A8B31}.Debug|x64.Build.0 = Debug|Any CPU
		{8261003C-F6C4-4658-9112-CA08B22A8B31}.Debug|x86.ActiveCfg = Debug|Any CPU
		{8261003C-F6C4-4658-9112-CA08B22A8B31}.Debug|x86.Build.0 = Debug|Any CPU
		{8261003C-F6C4-4658-9112-CA08B22A8B31}.Release|Any CPU.ActiveCfg = Release|Any CPU
		{8261003C-F6C4-4658-9112-CA08B22A8B31}.Release|Any CPU.Build.0 = Release|Any CPU
		{8261003C-F6C4-4658-9112-CA08B22A8B31}.Release|ARM.ActiveCfg = Release|Any CPU
		{8261003C-F6C4-4658-9112-CA08B22A8B31}.Release|ARM.Build.0 = Release|Any CPU
		{8261003C-F6C4-4658-9112-CA08B22A8B31}.Release|iPhone.ActiveCfg = Release|Any CPU
		{8261003C-F6C4-4658-9112-CA08B22A8B31}.Release|iPhone.Build.0 = Release|Any CPU
		{8261003C-F6C4-4658-9112-CA08B22A8B31}.Release|iPhoneSimulator.ActiveCfg = Release|Any CPU
		{8261003C-F6C4-4658-9112-CA08B22A8B31}.Release|iPhoneSimulator.Build.0 = Release|Any CPU
		{8261003C-F6C4-4658-9112-CA08B22A8B31}.Release|x64.ActiveCfg = Release|Any CPU
		{8261003C-F6C4-4658-9112-CA08B22A8B31}.Release|x64.Build.0 = Release|Any CPU
		{8261003C-F6C4-4658-9112-CA08B22A8B31}.Release|x86.ActiveCfg = Release|Any CPU
		{8261003C-F6C4-4658-9112-CA08B22A8B31}.Release|x86.Build.0 = Release|Any CPU
		{9C6D5233-8CBF-47BA-A2C5-C67EBFAB4971}.Ad-Hoc|Any CPU.ActiveCfg = Release|x86
		{9C6D5233-8CBF-47BA-A2C5-C67EBFAB4971}.Ad-Hoc|Any CPU.Build.0 = Release|x86
		{9C6D5233-8CBF-47BA-A2C5-C67EBFAB4971}.Ad-Hoc|Any CPU.Deploy.0 = Release|x86
		{9C6D5233-8CBF-47BA-A2C5-C67EBFAB4971}.Ad-Hoc|ARM.ActiveCfg = Release|ARM
		{9C6D5233-8CBF-47BA-A2C5-C67EBFAB4971}.Ad-Hoc|ARM.Build.0 = Release|ARM
		{9C6D5233-8CBF-47BA-A2C5-C67EBFAB4971}.Ad-Hoc|ARM.Deploy.0 = Release|ARM
		{9C6D5233-8CBF-47BA-A2C5-C67EBFAB4971}.Ad-Hoc|iPhone.ActiveCfg = Release|x86
		{9C6D5233-8CBF-47BA-A2C5-C67EBFAB4971}.Ad-Hoc|iPhone.Build.0 = Release|x86
		{9C6D5233-8CBF-47BA-A2C5-C67EBFAB4971}.Ad-Hoc|iPhone.Deploy.0 = Release|x86
		{9C6D5233-8CBF-47BA-A2C5-C67EBFAB4971}.Ad-Hoc|iPhoneSimulator.ActiveCfg = Release|x86
		{9C6D5233-8CBF-47BA-A2C5-C67EBFAB4971}.Ad-Hoc|iPhoneSimulator.Build.0 = Release|x86
		{9C6D5233-8CBF-47BA-A2C5-C67EBFAB4971}.Ad-Hoc|iPhoneSimulator.Deploy.0 = Release|x86
		{9C6D5233-8CBF-47BA-A2C5-C67EBFAB4971}.Ad-Hoc|x64.ActiveCfg = Release|x64
		{9C6D5233-8CBF-47BA-A2C5-C67EBFAB4971}.Ad-Hoc|x64.Build.0 = Release|x64
		{9C6D5233-8CBF-47BA-A2C5-C67EBFAB4971}.Ad-Hoc|x64.Deploy.0 = Release|x64
		{9C6D5233-8CBF-47BA-A2C5-C67EBFAB4971}.Ad-Hoc|x86.ActiveCfg = Release|x86
		{9C6D5233-8CBF-47BA-A2C5-C67EBFAB4971}.Ad-Hoc|x86.Build.0 = Release|x86
		{9C6D5233-8CBF-47BA-A2C5-C67EBFAB4971}.Ad-Hoc|x86.Deploy.0 = Release|x86
		{9C6D5233-8CBF-47BA-A2C5-C67EBFAB4971}.AppStore|Any CPU.ActiveCfg = Release|x86
		{9C6D5233-8CBF-47BA-A2C5-C67EBFAB4971}.AppStore|Any CPU.Build.0 = Release|x86
		{9C6D5233-8CBF-47BA-A2C5-C67EBFAB4971}.AppStore|Any CPU.Deploy.0 = Release|x86
		{9C6D5233-8CBF-47BA-A2C5-C67EBFAB4971}.AppStore|ARM.ActiveCfg = Release|ARM
		{9C6D5233-8CBF-47BA-A2C5-C67EBFAB4971}.AppStore|ARM.Build.0 = Release|ARM
		{9C6D5233-8CBF-47BA-A2C5-C67EBFAB4971}.AppStore|ARM.Deploy.0 = Release|ARM
		{9C6D5233-8CBF-47BA-A2C5-C67EBFAB4971}.AppStore|iPhone.ActiveCfg = Release|x86
		{9C6D5233-8CBF-47BA-A2C5-C67EBFAB4971}.AppStore|iPhone.Build.0 = Release|x86
		{9C6D5233-8CBF-47BA-A2C5-C67EBFAB4971}.AppStore|iPhone.Deploy.0 = Release|x86
		{9C6D5233-8CBF-47BA-A2C5-C67EBFAB4971}.AppStore|iPhoneSimulator.ActiveCfg = Release|x86
		{9C6D5233-8CBF-47BA-A2C5-C67EBFAB4971}.AppStore|iPhoneSimulator.Build.0 = Release|x86
		{9C6D5233-8CBF-47BA-A2C5-C67EBFAB4971}.AppStore|iPhoneSimulator.Deploy.0 = Release|x86
		{9C6D5233-8CBF-47BA-A2C5-C67EBFAB4971}.AppStore|x64.ActiveCfg = Release|x64
		{9C6D5233-8CBF-47BA-A2C5-C67EBFAB4971}.AppStore|x64.Build.0 = Release|x64
		{9C6D5233-8CBF-47BA-A2C5-C67EBFAB4971}.AppStore|x64.Deploy.0 = Release|x64
		{9C6D5233-8CBF-47BA-A2C5-C67EBFAB4971}.AppStore|x86.ActiveCfg = Release|x86
		{9C6D5233-8CBF-47BA-A2C5-C67EBFAB4971}.AppStore|x86.Build.0 = Release|x86
		{9C6D5233-8CBF-47BA-A2C5-C67EBFAB4971}.AppStore|x86.Deploy.0 = Release|x86
		{9C6D5233-8CBF-47BA-A2C5-C67EBFAB4971}.Debug|Any CPU.ActiveCfg = Debug|x86
		{9C6D5233-8CBF-47BA-A2C5-C67EBFAB4971}.Debug|ARM.ActiveCfg = Debug|ARM
		{9C6D5233-8CBF-47BA-A2C5-C67EBFAB4971}.Debug|ARM.Build.0 = Debug|ARM
		{9C6D5233-8CBF-47BA-A2C5-C67EBFAB4971}.Debug|ARM.Deploy.0 = Debug|ARM
		{9C6D5233-8CBF-47BA-A2C5-C67EBFAB4971}.Debug|iPhone.ActiveCfg = Debug|x86
		{9C6D5233-8CBF-47BA-A2C5-C67EBFAB4971}.Debug|iPhoneSimulator.ActiveCfg = Debug|x86
		{9C6D5233-8CBF-47BA-A2C5-C67EBFAB4971}.Debug|x64.ActiveCfg = Debug|x64
		{9C6D5233-8CBF-47BA-A2C5-C67EBFAB4971}.Debug|x64.Build.0 = Debug|x64
		{9C6D5233-8CBF-47BA-A2C5-C67EBFAB4971}.Debug|x64.Deploy.0 = Debug|x64
		{9C6D5233-8CBF-47BA-A2C5-C67EBFAB4971}.Debug|x86.ActiveCfg = Debug|x86
		{9C6D5233-8CBF-47BA-A2C5-C67EBFAB4971}.Debug|x86.Build.0 = Debug|x86
		{9C6D5233-8CBF-47BA-A2C5-C67EBFAB4971}.Debug|x86.Deploy.0 = Debug|x86
		{9C6D5233-8CBF-47BA-A2C5-C67EBFAB4971}.Release|Any CPU.ActiveCfg = Release|x86
		{9C6D5233-8CBF-47BA-A2C5-C67EBFAB4971}.Release|ARM.ActiveCfg = Release|ARM
		{9C6D5233-8CBF-47BA-A2C5-C67EBFAB4971}.Release|ARM.Build.0 = Release|ARM
		{9C6D5233-8CBF-47BA-A2C5-C67EBFAB4971}.Release|ARM.Deploy.0 = Release|ARM
		{9C6D5233-8CBF-47BA-A2C5-C67EBFAB4971}.Release|iPhone.ActiveCfg = Release|x86
		{9C6D5233-8CBF-47BA-A2C5-C67EBFAB4971}.Release|iPhoneSimulator.ActiveCfg = Release|x86
		{9C6D5233-8CBF-47BA-A2C5-C67EBFAB4971}.Release|x64.ActiveCfg = Release|x64
		{9C6D5233-8CBF-47BA-A2C5-C67EBFAB4971}.Release|x64.Build.0 = Release|x64
		{9C6D5233-8CBF-47BA-A2C5-C67EBFAB4971}.Release|x64.Deploy.0 = Release|x64
		{9C6D5233-8CBF-47BA-A2C5-C67EBFAB4971}.Release|x86.ActiveCfg = Release|x86
		{9C6D5233-8CBF-47BA-A2C5-C67EBFAB4971}.Release|x86.Build.0 = Release|x86
		{9C6D5233-8CBF-47BA-A2C5-C67EBFAB4971}.Release|x86.Deploy.0 = Release|x86
		{3ED4D5A8-F104-44A2-AE0A-94037614E4EE}.Ad-Hoc|Any CPU.ActiveCfg = Ad-Hoc|iPhoneSimulator
		{3ED4D5A8-F104-44A2-AE0A-94037614E4EE}.Ad-Hoc|ARM.ActiveCfg = Ad-Hoc|iPhone
		{3ED4D5A8-F104-44A2-AE0A-94037614E4EE}.Ad-Hoc|iPhone.ActiveCfg = Ad-Hoc|iPhone
		{3ED4D5A8-F104-44A2-AE0A-94037614E4EE}.Ad-Hoc|iPhone.Build.0 = Ad-Hoc|iPhone
		{3ED4D5A8-F104-44A2-AE0A-94037614E4EE}.Ad-Hoc|iPhoneSimulator.ActiveCfg = Ad-Hoc|iPhoneSimulator
		{3ED4D5A8-F104-44A2-AE0A-94037614E4EE}.Ad-Hoc|iPhoneSimulator.Build.0 = Ad-Hoc|iPhoneSimulator
		{3ED4D5A8-F104-44A2-AE0A-94037614E4EE}.Ad-Hoc|x64.ActiveCfg = Ad-Hoc|iPhone
		{3ED4D5A8-F104-44A2-AE0A-94037614E4EE}.Ad-Hoc|x86.ActiveCfg = Ad-Hoc|iPhone
		{3ED4D5A8-F104-44A2-AE0A-94037614E4EE}.AppStore|Any CPU.ActiveCfg = AppStore|iPhoneSimulator
		{3ED4D5A8-F104-44A2-AE0A-94037614E4EE}.AppStore|ARM.ActiveCfg = AppStore|iPhone
		{3ED4D5A8-F104-44A2-AE0A-94037614E4EE}.AppStore|iPhone.ActiveCfg = AppStore|iPhone
		{3ED4D5A8-F104-44A2-AE0A-94037614E4EE}.AppStore|iPhone.Build.0 = AppStore|iPhone
		{3ED4D5A8-F104-44A2-AE0A-94037614E4EE}.AppStore|iPhoneSimulator.ActiveCfg = AppStore|iPhoneSimulator
		{3ED4D5A8-F104-44A2-AE0A-94037614E4EE}.AppStore|iPhoneSimulator.Build.0 = AppStore|iPhoneSimulator
		{3ED4D5A8-F104-44A2-AE0A-94037614E4EE}.AppStore|x64.ActiveCfg = AppStore|iPhone
		{3ED4D5A8-F104-44A2-AE0A-94037614E4EE}.AppStore|x86.ActiveCfg = AppStore|iPhone
		{3ED4D5A8-F104-44A2-AE0A-94037614E4EE}.Debug|Any CPU.ActiveCfg = Debug|iPhoneSimulator
		{3ED4D5A8-F104-44A2-AE0A-94037614E4EE}.Debug|ARM.ActiveCfg = Debug|iPhone
		{3ED4D5A8-F104-44A2-AE0A-94037614E4EE}.Debug|iPhone.ActiveCfg = Debug|iPhone
		{3ED4D5A8-F104-44A2-AE0A-94037614E4EE}.Debug|iPhone.Build.0 = Debug|iPhone
		{3ED4D5A8-F104-44A2-AE0A-94037614E4EE}.Debug|iPhoneSimulator.ActiveCfg = Debug|iPhoneSimulator
		{3ED4D5A8-F104-44A2-AE0A-94037614E4EE}.Debug|iPhoneSimulator.Build.0 = Debug|iPhoneSimulator
		{3ED4D5A8-F104-44A2-AE0A-94037614E4EE}.Debug|x64.ActiveCfg = Debug|iPhone
		{3ED4D5A8-F104-44A2-AE0A-94037614E4EE}.Debug|x86.ActiveCfg = Debug|iPhone
		{3ED4D5A8-F104-44A2-AE0A-94037614E4EE}.Release|Any CPU.ActiveCfg = Release|iPhoneSimulator
		{3ED4D5A8-F104-44A2-AE0A-94037614E4EE}.Release|ARM.ActiveCfg = Release|iPhone
		{3ED4D5A8-F104-44A2-AE0A-94037614E4EE}.Release|iPhone.ActiveCfg = Release|iPhone
		{3ED4D5A8-F104-44A2-AE0A-94037614E4EE}.Release|iPhone.Build.0 = Release|iPhone
		{3ED4D5A8-F104-44A2-AE0A-94037614E4EE}.Release|iPhoneSimulator.ActiveCfg = Release|iPhoneSimulator
		{3ED4D5A8-F104-44A2-AE0A-94037614E4EE}.Release|iPhoneSimulator.Build.0 = Release|iPhoneSimulator
		{3ED4D5A8-F104-44A2-AE0A-94037614E4EE}.Release|x64.ActiveCfg = Release|iPhone
		{3ED4D5A8-F104-44A2-AE0A-94037614E4EE}.Release|x86.ActiveCfg = Release|iPhone
	EndGlobalSection
	GlobalSection(SolutionProperties) = preSolution
		HideSolutionNode = FALSE
	EndGlobalSection
	GlobalSection(ExtensibilityGlobals) = postSolution
		SolutionGuid = {8698D5B4-6DEB-44FB-A734-560C0B764A6E}
	EndGlobalSection
EndGlobal
